
Microsoft Visual Studio Solution File, Format Version 12.00
# Visual Studio Version 17
VisualStudioVersion = 17.8.34525.116
MinimumVisualStudioVersion = 10.0.40219.1
Project("{FAE04EC0-301F-11D3-BF4B-00C04F79EFBC}") = "HomeSchoolHub.Presentation", "HomeSchoolHub.Presentation\HomeSchoolHub.Presentation.csproj", "{B961AE37-5393-48C4-97E0-98D774BA70DC}"
EndProject
Project("{FAE04EC0-301F-11D3-BF4B-00C04F79EFBC}") = "HomeSchoolHub.Domain", "HomeSchoolHub.Domain\HomeSchoolHub.Domain.csproj", "{150FEBB4-E9F0-41A1-AAAE-338A6DB33421}"
EndProject
Project("{FAE04EC0-301F-11D3-BF4B-00C04F79EFBC}") = "HomeSchoolHub.Application", "HomeSchoolHub.Application\HomeSchoolHub.Application.csproj", "{B4F308F6-DCE5-4449-9CA2-9F70F3125992}"
EndProject
Project("{FAE04EC0-301F-11D3-BF4B-00C04F79EFBC}") = "HomeSchoolHub.Infrastructure", "HomeSchoolHub.Infrastructure\HomeSchoolHub.Infrastructure.csproj", "{07A8C670-20F4-4483-B0F2-A7A7DE955570}"
EndProject
Project("{FAE04EC0-301F-11D3-BF4B-00C04F79EFBC}") = "Infrastructure.Persistance", "Infrastructure.Persistance\Infrastructure.Persistance.csproj", "{A4BA9933-D8F6-4A22-B4B4-5CD7AD1D1F4A}"
EndProject
Project("{FAE04EC0-301F-11D3-BF4B-00C04F79EFBC}") = "HomeSchoolHub.Test", "HomeSchoolHub.Test\HomeSchoolHub.Test.csproj", "{841B9132-5D71-4450-B3A9-04DDC201D9B7}"
EndProject
Global
	GlobalSection(SolutionConfigurationPlatforms) = preSolution
		Debug|Any CPU = Debug|Any CPU
		Release|Any CPU = Release|Any CPU
	EndGlobalSection
	GlobalSection(ProjectConfigurationPlatforms) = postSolution
		{B961AE37-5393-48C4-97E0-98D774BA70DC}.Debug|Any CPU.ActiveCfg = Debug|Any CPU
		{B961AE37-5393-48C4-97E0-98D774BA70DC}.Debug|Any CPU.Build.0 = Debug|Any CPU
		{B961AE37-5393-48C4-97E0-98D774BA70DC}.Release|Any CPU.ActiveCfg = Release|Any CPU
		{B961AE37-5393-48C4-97E0-98D774BA70DC}.Release|Any CPU.Build.0 = Release|Any CPU
		{150FEBB4-E9F0-41A1-AAAE-338A6DB33421}.Debug|Any CPU.ActiveCfg = Debug|Any CPU
		{150FEBB4-E9F0-41A1-AAAE-338A6DB33421}.Debug|Any CPU.Build.0 = Debug|Any CPU
		{150FEBB4-E9F0-41A1-AAAE-338A6DB33421}.Release|Any CPU.ActiveCfg = Release|Any CPU
		{150FEBB4-E9F0-41A1-AAAE-338A6DB33421}.Release|Any CPU.Build.0 = Release|Any CPU
		{B4F308F6-DCE5-4449-9CA2-9F70F3125992}.Debug|Any CPU.ActiveCfg = Debug|Any CPU
		{B4F308F6-DCE5-4449-9CA2-9F70F3125992}.Debug|Any CPU.Build.0 = Debug|Any CPU
		{B4F308F6-DCE5-4449-9CA2-9F70F3125992}.Release|Any CPU.ActiveCfg = Release|Any CPU
		{B4F308F6-DCE5-4449-9CA2-9F70F3125992}.Release|Any CPU.Build.0 = Release|Any CPU
		{07A8C670-20F4-4483-B0F2-A7A7DE955570}.Debug|Any CPU.ActiveCfg = Debug|Any CPU
		{07A8C670-20F4-4483-B0F2-A7A7DE955570}.Debug|Any CPU.Build.0 = Debug|Any CPU
		{07A8C670-20F4-4483-B0F2-A7A7DE955570}.Release|Any CPU.ActiveCfg = Release|Any CPU
		{07A8C670-20F4-4483-B0F2-A7A7DE955570}.Release|Any CPU.Build.0 = Release|Any CPU
		{A4BA9933-D8F6-4A22-B4B4-5CD7AD1D1F4A}.Debug|Any CPU.ActiveCfg = Debug|Any CPU
		{A4BA9933-D8F6-4A22-B4B4-5CD7AD1D1F4A}.Debug|Any CPU.Build.0 = Debug|Any CPU
		{A4BA9933-D8F6-4A22-B4B4-5CD7AD1D1F4A}.Release|Any CPU.ActiveCfg = Release|Any CPU
		{A4BA9933-D8F6-4A22-B4B4-5CD7AD1D1F4A}.Release|Any CPU.Build.0 = Release|Any CPU
		{841B9132-5D71-4450-B3A9-04DDC201D9B7}.Debug|Any CPU.ActiveCfg = Debug|Any CPU
		{841B9132-5D71-4450-B3A9-04DDC201D9B7}.Debug|Any CPU.Build.0 = Debug|Any CPU
		{841B9132-5D71-4450-B3A9-04DDC201D9B7}.Release|Any CPU.ActiveCfg = Release|Any CPU
		{841B9132-5D71-4450-B3A9-04DDC201D9B7}.Release|Any CPU.Build.0 = Release|Any CPU
	EndGlobalSection
	GlobalSection(SolutionProperties) = preSolution
		HideSolutionNode = FALSE
	EndGlobalSection
	GlobalSection(ExtensibilityGlobals) = postSolution
		SolutionGuid = {1908A4E2-1E35-4E03-B8DB-2351B8CF6A72}
	EndGlobalSection
EndGlobal
